
Microsoft Visual Studio Solution File, Format Version 12.00
# Visual Studio Version 16
VisualStudioVersion = 16.0.30804.86
MinimumVisualStudioVersion = 10.0.40219.1
Project("{FAE04EC0-301F-11D3-BF4B-00C04F79EFBC}") = "StudentBook", "StudentBook\StudentBook.csproj", "{2D204760-8EF3-4020-B4A4-6DDF00FBA9AF}"
EndProject
Global
	GlobalSection(SolutionConfigurationPlatforms) = preSolution
		Debug|Any CPU = Debug|Any CPU
		Release|Any CPU = Release|Any CPU
	EndGlobalSection
	GlobalSection(ProjectConfigurationPlatforms) = postSolution
		{2D204760-8EF3-4020-B4A4-6DDF00FBA9AF}.Debug|Any CPU.ActiveCfg = Debug|Any CPU
		{2D204760-8EF3-4020-B4A4-6DDF00FBA9AF}.Debug|Any CPU.Build.0 = Debug|Any CPU
		{2D204760-8EF3-4020-B4A4-6DDF00FBA9AF}.Release|Any CPU.ActiveCfg = Release|Any CPU
		{2D204760-8EF3-4020-B4A4-6DDF00FBA9AF}.Release|Any CPU.Build.0 = Release|Any CPU
	EndGlobalSection
	GlobalSection(SolutionProperties) = preSolution
		HideSolutionNode = FALSE
	EndGlobalSection
	GlobalSection(ExtensibilityGlobals) = postSolution
		SolutionGuid = {AC2AED68-661D-44F8-9D2B-97044C433D00}
	EndGlobalSection
EndGlobal
